# THIS IS AN AUTOGENERATED FILE. DO NOT EDIT THIS FILE DIRECTLY.
# yarn lockfile v1


daggy@^1.4.0:
  version "1.5.0"
  resolved "https://registry.yarnpkg.com/daggy/-/daggy-1.5.0.tgz#82d9818a614e018a7ebb68f53a10970493293ee8"
  integrity sha512-BQMsnneUmsqvPth/o+Cv9JPhQwjR0aqzDckMxH0tAdupsdFkePKVFFvhoB7HDtMnOJDxA/U4994MV/bNSJ28gw==
  dependencies:
    sanctuary-show "2.0.0"
    sanctuary-type-identifiers "1.0.0"

immutable-ext@^1.1.5:
  version "1.1.5"
  resolved "https://registry.yarnpkg.com/immutable-ext/-/immutable-ext-1.1.5.tgz#3cdf27a067527c85817bf161a0dad1361ed579cb"
  integrity sha1-PN8noGdSfIWBe/FhoNrRNh7Vecs=

immutable@^4.0.0-rc.12:
  version "4.0.0-rc.12"
  resolved "https://registry.yarnpkg.com/immutable/-/immutable-4.0.0-rc.12.tgz#ca59a7e4c19ae8d9bf74a97bdf0f6e2f2a5d0217"
  integrity sha512-0M2XxkZLx/mi3t8NVwIm1g8nHoEmM9p9UBl/G9k4+hm0kBgOVdMV/B3CY5dQ8qG8qc80NN4gDV4HQv6FTJ5q7A==

lodash@^4.17.15:
  version "4.17.21"
  resolved "https://registry.yarnpkg.com/lodash/-/lodash-4.17.21.tgz#679591c564c3bffaae8454cf0b3df370c3d6911c"
  integrity sha512-v2kDEe57lecTulaDIuNTPy3Ry4gLGJ6Z1O3vE1krgXZNrsQ+LFTGHVxVjcXPs17LhbZVGedAJv8XZ1tvj5FvSg==

ramda@^0.26.1:
  version "0.26.1"
  resolved "https://registry.yarnpkg.com/ramda/-/ramda-0.26.1.tgz#8d41351eb8111c55353617fc3bbffad8e4d35d06"
  integrity sha512-hLWjpy7EnsDBb0p+Z3B7rPi3GDeRG5ZtiI33kJhTt+ORCd38AbAIjB/9zRIUoeTbE/AVX5ZkU7m6bznsvrf8eQ==

sanctuary-show@2.0.0:
  version "2.0.0"
  resolved "https://registry.yarnpkg.com/sanctuary-show/-/sanctuary-show-2.0.0.tgz#2326b4744f4b0f993f18ca56a29f68a50f514637"
  integrity sha512-REj4ZiioUXnDLj6EpJ9HcYDIEGaEexmB9Fg5o6InZR9f0x5PfnnC21QeU9SZ9E7G8zXSZPNjy8VRUK4safbesw==

sanctuary-type-identifiers@1.0.0:
  version "1.0.0"
  resolved "https://registry.yarnpkg.com/sanctuary-type-identifiers/-/sanctuary-type-identifiers-1.0.0.tgz#e8f359f006cb5e624cfb8464603fc114608bde9f"
  integrity sha1-6PNZ8AbLXmJM+4RkYD/BFGCL3p8=
